
Microsoft Visual Studio Solution File, Format Version 12.00
# Visual Studio Version 16
VisualStudioVersion = 16.0.29728.190
MinimumVisualStudioVersion = 10.0.40219.1
Project("{FAE04EC0-301F-11D3-BF4B-00C04F79EFBC}") = "KEXPFunction", "KEXPFunction\KEXPFunction.csproj", "{E108F53D-69E5-47A6-AB89-0DF30ABD1484}"
EndProject
Global
	GlobalSection(SolutionConfigurationPlatforms) = preSolution
		Debug|Any CPU = Debug|Any CPU
		Release|Any CPU = Release|Any CPU
	EndGlobalSection
	GlobalSection(ProjectConfigurationPlatforms) = postSolution
		{E108F53D-69E5-47A6-AB89-0DF30ABD1484}.Debug|Any CPU.ActiveCfg = Debug|Any CPU
		{E108F53D-69E5-47A6-AB89-0DF30ABD1484}.Debug|Any CPU.Build.0 = Debug|Any CPU
		{E108F53D-69E5-47A6-AB89-0DF30ABD1484}.Release|Any CPU.ActiveCfg = Release|Any CPU
		{E108F53D-69E5-47A6-AB89-0DF30ABD1484}.Release|Any CPU.Build.0 = Release|Any CPU
	EndGlobalSection
	GlobalSection(SolutionProperties) = preSolution
		HideSolutionNode = FALSE
	EndGlobalSection
	GlobalSection(ExtensibilityGlobals) = postSolution
		SolutionGuid = {8F7093AA-9B1B-477C-B84F-5DF140C87ADC}
	EndGlobalSection
EndGlobal
